
Microsoft Visual Studio Solution File, Format Version 12.00
# Visual Studio Version 17
VisualStudioVersion = 17.2.32516.85
MinimumVisualStudioVersion = 10.0.40219.1
Project("{FAE04EC0-301F-11D3-BF4B-00C04F79EFBC}") = "opps concept", "opps concept\opps concept.csproj", "{4203B1EF-DC7D-4379-A96F-5CEDC430F435}"
EndProject
Global
	GlobalSection(SolutionConfigurationPlatforms) = preSolution
		Debug|Any CPU = Debug|Any CPU
		Release|Any CPU = Release|Any CPU
	EndGlobalSection
	GlobalSection(ProjectConfigurationPlatforms) = postSolution
		{4203B1EF-DC7D-4379-A96F-5CEDC430F435}.Debug|Any CPU.ActiveCfg = Debug|Any CPU
		{4203B1EF-DC7D-4379-A96F-5CEDC430F435}.Debug|Any CPU.Build.0 = Debug|Any CPU
		{4203B1EF-DC7D-4379-A96F-5CEDC430F435}.Release|Any CPU.ActiveCfg = Release|Any CPU
		{4203B1EF-DC7D-4379-A96F-5CEDC430F435}.Release|Any CPU.Build.0 = Release|Any CPU
	EndGlobalSection
	GlobalSection(SolutionProperties) = preSolution
		HideSolutionNode = FALSE
	EndGlobalSection
	GlobalSection(ExtensibilityGlobals) = postSolution
		SolutionGuid = {2F042004-A4FE-42B5-BA47-D64BABA40423}
	EndGlobalSection
EndGlobal
